
Microsoft Visual Studio Solution File, Format Version 12.00
# Visual Studio Version 17
VisualStudioVersion = 17.4.33403.182
MinimumVisualStudioVersion = 10.0.40219.1
Project("{FAE04EC0-301F-11D3-BF4B-00C04F79EFBC}") = "Delegates", "Delegates\Delegates.csproj", "{553332C3-8EEB-4D38-9E80-602501EFED82}"
EndProject
Global
	GlobalSection(SolutionConfigurationPlatforms) = preSolution
		Debug|Any CPU = Debug|Any CPU
		Release|Any CPU = Release|Any CPU
	EndGlobalSection
	GlobalSection(ProjectConfigurationPlatforms) = postSolution
		{553332C3-8EEB-4D38-9E80-602501EFED82}.Debug|Any CPU.ActiveCfg = Debug|Any CPU
		{553332C3-8EEB-4D38-9E80-602501EFED82}.Debug|Any CPU.Build.0 = Debug|Any CPU
		{553332C3-8EEB-4D38-9E80-602501EFED82}.Release|Any CPU.ActiveCfg = Release|Any CPU
		{553332C3-8EEB-4D38-9E80-602501EFED82}.Release|Any CPU.Build.0 = Release|Any CPU
	EndGlobalSection
	GlobalSection(SolutionProperties) = preSolution
		HideSolutionNode = FALSE
	EndGlobalSection
	GlobalSection(ExtensibilityGlobals) = postSolution
		SolutionGuid = {8B1F9D19-0CCC-445F-A41C-6642F50D0C8D}
	EndGlobalSection
EndGlobal
